
Microsoft Visual Studio Solution File, Format Version 12.00
Project("{FAE04EC0-301F-11D3-BF4B-00C04F79EFBC}") = "TkachevProject4", "TkachevProject4\TkachevProject4.csproj", "{2810B179-9B87-47D4-83AC-DFB0298A7ADC}"
EndProject
Global
	GlobalSection(SolutionConfigurationPlatforms) = preSolution
		Debug|Any CPU = Debug|Any CPU
		Release|Any CPU = Release|Any CPU
	EndGlobalSection
	GlobalSection(ProjectConfigurationPlatforms) = postSolution
		{2810B179-9B87-47D4-83AC-DFB0298A7ADC}.Debug|Any CPU.ActiveCfg = Debug|Any CPU
		{2810B179-9B87-47D4-83AC-DFB0298A7ADC}.Debug|Any CPU.Build.0 = Debug|Any CPU
		{2810B179-9B87-47D4-83AC-DFB0298A7ADC}.Release|Any CPU.ActiveCfg = Release|Any CPU
		{2810B179-9B87-47D4-83AC-DFB0298A7ADC}.Release|Any CPU.Build.0 = Release|Any CPU
	EndGlobalSection
EndGlobal
